// !$*UTF8*$!
{
	archiveVersion = 1;
	classes = {
	};
	objectVersion = 48;
	objects = {

/* Begin PBXBuildFile section */
		D4CA28E21F5738C90030E176 /* AppDelegate.swift in Sources */ = {isa = PBXBuildFile; fileRef = D4CA28E11F5738C90030E176 /* AppDelegate.swift */; };
		D4CA28E41F5738C90030E176 /* ViewController.swift in Sources */ = {isa = PBXBuildFile; fileRef = D4CA28E31F5738C90030E176 /* ViewController.swift */; };
		D4CA28E71F5738C90030E176 /* Main.storyboard in Resources */ = {isa = PBXBuildFile; fileRef = D4CA28E51F5738C90030E176 /* Main.storyboard */; };
		D4CA28EA1F5738C90030E176 /* InstagramClonePratice.xcdatamodeld in Sources */ = {isa = PBXBuildFile; fileRef = D4CA28E81F5738C90030E176 /* InstagramClonePratice.xcdatamodeld */; };
		D4CA28EC1F5738C90030E176 /* Assets.xcassets in Resources */ = {isa = PBXBuildFile; fileRef = D4CA28EB1F5738C90030E176 /* Assets.xcassets */; };
		D4CA28EF1F5738C90030E176 /* LaunchScreen.storyboard in Resources */ = {isa = PBXBuildFile; fileRef = D4CA28ED1F5738C90030E176 /* LaunchScreen.storyboard */; };
/* End PBXBuildFile section */

/* Begin PBXFileReference section */
		D4CA28DE1F5738C90030E176 /* InstagramClonePratice.app */ = {isa = PBXFileReference; explicitFileType = wrapper.application; includeInIndex = 0; path = InstagramClonePratice.app; sourceTree = BUILT_PRODUCTS_DIR; };
		D4CA28E11F5738C90030E176 /* AppDelegate.swift */ = {isa = PBXFileReference; lastKnownFileType = sourcecode.swift; path = AppDelegate.swift; sourceTree = "<group>"; };
		D4CA28E31F5738C90030E176 /* ViewController.swift */ = {isa = PBXFileReference; lastKnownFileType = sourcecode.swift; path = ViewController.swift; sourceTree = "<group>"; };
		D4CA28E61F5738C90030E176 /* Base */ = {isa = PBXFileReference; lastKnownFileType = file.storyboard; name = Base; path = Base.lproj/Main.storyboard; sourceTree = "<group>"; };
		D4CA28E91F5738C90030E176 /* InstagramClonePratice.xcdatamodel */ = {isa = PBXFileReference; lastKnownFileType = wrapper.xcdatamodel; path = InstagramClonePratice.xcdatamodel; sourceTree = "<group>"; };
		D4CA28EB1F5738C90030E176 /* Assets.xcassets */ = {isa = PBXFileReference; lastKnownFileType = folder.assetcatalog; path = Assets.xcassets; sourceTree = "<group>"; };
		D4CA28EE1F5738C90030E176 /* Base */ = {isa = PBXFileReference; lastKnownFileType = file.storyboard; name = Base; path = Base.lproj/LaunchScreen.storyboard; sourceTree = "<group>"; };
		D4CA28F01F5738CA0030E176 /* Info.plist */ = {isa = PBXFileReference; lastKnownFileType = text.plist.xml; path = Info.plist; sourceTree = "<group>"; };
/* End PBXFileReference section */

/* Begin PBXFrameworksBuildPhase section */
		D4CA28DB1F5738C90030E176 /* Frameworks */ = {
			isa = PBXFrameworksBuildPhase;
			buildActionMask = 2147483647;
			files = (
			);
			runOnlyForDeploymentPostprocessing = 0;
		};
/* End PBXFrameworksBuildPhase section */

/* Begin PBXGroup section */
		D4CA28D51F5738C90030E176 = {
			isa = PBXGroup;
			children = (
				D4CA28E01F5738C90030E176 /* InstagramClonePratice */,
				D4CA28DF1F5738C90030E176 /* Products */,
			);
			sourceTree = "<group>";
		};
		D4CA28DF1F5738C90030E176 /* Products */ = {
			isa = PBXGroup;
			children = (
				D4CA28DE1F5738C90030E176 /* InstagramClonePratice.app */,
			);
			name = Products;
			sourceTree = "<group>";
		};
		D4CA28E01F5738C90030E176 /* InstagramClonePratice */ = {
			isa = PBXGroup;
			children = (
				D4CA28E11F5738C90030E176 /* AppDelegate.swift */,
				D4CA28E31F5738C90030E176 /* ViewController.swift */,
				D4CA28E51F5738C90030E176 /* Main.storyboard */,
				D4CA28EB1F5738C90030E176 /* Assets.xcassets */,
				D4CA28ED1F5738C90030E176 /* LaunchScreen.storyboard */,
				D4CA28F01F5738CA0030E176 /* Info.plist */,
				D4CA28E81F5738C90030E176 /* InstagramClonePratice.xcdatamodeld */,
			);
			path = InstagramClonePratice;
			sourceTree = "<group>";
		};
/* End PBXGroup section */

/* Begin PBXNativeTarget section */
		D4CA28DD1F5738C90030E176 /* InstagramClonePratice */ = {
			isa = PBXNativeTarget;
			buildConfigurationList = D4CA28F31F5738CA0030E176 /* Build configuration list for PBXNativeTarget "InstagramClonePratice" */;
			buildPhases = (
				D4CA28DA1F5738C90030E176 /* Sources */,
				D4CA28DB1F5738C90030E176 /* Frameworks */,
				D4CA28DC1F5738C90030E176 /* Resources */,
			);
			buildRules = (
			);
			dependencies = (
			);
			name = InstagramClonePratice;
			productName = InstagramClonePratice;
			productReference = D4CA28DE1F5738C90030E176 /* InstagramClonePratice.app */;
			productType = "com.apple.product-type.application";
		};
/* End PBXNativeTarget section */

/* Begin PBXProject section */
		D4CA28D61F5738C90030E176 /* Project object */ = {
			isa = PBXProject;
			attributes = {
				LastSwiftUpdateCheck = 0900;
				LastUpgradeCheck = 0900;
				ORGANIZATIONNAME = "eric yu";
				TargetAttributes = {
					D4CA28DD1F5738C90030E176 = {
						CreatedOnToolsVersion = 9.0;
					};
				};
			};
			buildConfigurationList = D4CA28D91F5738C90030E176 /* Build configuration list for PBXProject "InstagramClonePratice" */;
			compatibilityVersion = "Xcode 8.0";
			developmentRegion = en;
			hasScannedForEncodings = 0;
			knownRegions = (
				en,
				Base,
			);
			mainGroup = D4CA28D51F5738C90030E176;
			productRefGroup = D4CA28DF1F5738C90030E176 /* Products */;
			projectDirPath = "";
			projectRoot = "";
			targets = (
				D4CA28DD1F5738C90030E176 /* InstagramClonePratice */,
			);
		};
/* End PBXProject section */

/* Begin PBXResourcesBuildPhase section */
		D4CA28DC1F5738C90030E176 /* Resources */ = {
			isa = PBXResourcesBuildPhase;
			buildActionMask = 2147483647;
			files = (
				D4CA28EF1F5738C90030E176 /* LaunchScreen.storyboard in Resources */,
				D4CA28EC1F5738C90030E176 /* Assets.xcassets in Resources */,
				D4CA28E71F5738C90030E176 /* Main.storyboard in Resources */,
			);
			runOnlyForDeploymentPostprocessing = 0;
		};
/* End PBXResourcesBuildPhase section */

/* Begin PBXSourcesBuildPhase section */
		D4CA28DA1F5738C90030E176 /* Sources */ = {
			isa = PBXSourcesBuildPhase;
			buildActionMask = 2147483647;
			files = (
				D4CA28E41F5738C90030E176 /* ViewController.swift in Sources */,
				D4CA28EA1F5738C90030E176 /* InstagramClonePratice.xcdatamodeld in Sources */,
				D4CA28E21F5738C90030E176 /* AppDelegate.swift in Sources */,
			);
			runOnlyForDeploymentPostprocessing = 0;
		};
/* End PBXSourcesBuildPhase section */

/* Begin PBXVariantGroup section */
		D4CA28E51F5738C90030E176 /* Main.storyboard */ = {
			isa = PBXVariantGroup;
			children = (
				D4CA28E61F5738C90030E176 /* Base */,
			);
			name = Main.storyboard;
			sourceTree = "<group>";
		};
		D4CA28ED1F5738C90030E176 /* LaunchScreen.storyboard */ = {
			isa = PBXVariantGroup;
			children = (
				D4CA28EE1F5738C90030E176 /* Base */,
			);
			name = LaunchScreen.storyboard;
			sourceTree = "<group>";
		};
/* End PBXVariantGroup section */

/* Begin XCBuildConfiguration section */
		D4CA28F11F5738CA0030E176 /* Debug */ = {
			isa = XCBuildConfiguration;
			buildSettings = {
				ALWAYS_SEARCH_USER_PATHS = NO;
				CLANG_ANALYZER_NONNULL = YES;
				CLANG_ANALYZER_NUMBER_OBJECT_CONVERSION = YES_AGGRESSIVE;
				CLANG_CXX_LANGUAGE_STANDARD = "gnu++14";
				CLANG_CXX_LIBRARY = "libc++";
				CLANG_ENABLE_MODULES = YES;
				CLANG_ENABLE_OBJC_ARC = YES;
				CLANG_WARN_BLOCK_CAPTURE_AUTORELEASING = YES;
				CLANG_WARN_BOOL_CONVERSION = YES;
				CLANG_WARN_COMMA = YES;
				CLANG_WARN_CONSTANT_CONVERSION = YES;
				CLANG_WARN_DIRECT_OBJC_ISA_USAGE = YES_ERROR;
				CLANG_WARN_DOCUMENTATION_COMMENTS = YES;
				CLANG_WARN_EMPTY_BODY = YES;
				CLANG_WARN_ENUM_CONVERSION = YES;
				CLANG_WARN_INFINITE_RECURSION = YES;
				CLANG_WARN_INT_CONVERSION = YES;
				CLANG_WARN_OBJC_ROOT_CLASS = YES_ERROR;
				CLANG_WARN_RANGE_LOOP_ANALYSIS = YES;
				CLANG_WARN_STRICT_PROTOTYPES = YES;
				CLANG_WARN_SUSPICIOUS_MOVE = YES;
				CLANG_WARN_UNGUARDED_AVAILABILITY = YES_AGGRESSIVE;
				CLANG_WARN_UNREACHABLE_CODE = YES;
				CLANG_WARN__DUPLICATE_METHOD_MATCH = YES;
				CODE_SIGN_IDENTITY = "iPhone Developer";
				COPY_PHASE_STRIP = NO;
				DEBUG_INFORMATION_FORMAT = dwarf;
				ENABLE_STRICT_OBJC_MSGSEND = YES;
				ENABLE_TESTABILITY = YES;
				GCC_C_LANGUAGE_STANDARD = gnu11;
				GCC_DYNAMIC_NO_PIC = NO;
				GCC_NO_COMMON_BLOCKS = YES;
				GCC_OPTIMIZATION_LEVEL = 0;
				GCC_PREPROCESSOR_DEFINITIONS = (
					"DEBUG=1",
					"$(inherited)",
				);
				GCC_WARN_64_TO_32_BIT_CONVERSION = YES;
				GCC_WARN_ABOUT_RETURN_TYPE = YES_ERROR;
				GCC_WARN_UNDECLARED_SELECTOR = YES;
				GCC_WARN_UNINITIALIZED_AUTOS = YES_AGGRESSIVE;
				GCC_WARN_UNUSED_FUNCTION = YES;
				GCC_WARN_UNUSED_VARIABLE = YES;
				IPHONEOS_DEPLOYMENT_TARGET = 11.0;
				MTL_ENABLE_DEBUG_INFO = YES;
				ONLY_ACTIVE_ARCH = YES;
				SDKROOT = iphoneos;
				SWIFT_ACTIVE_COMPILATION_CONDITIONS = DEBUG;
				SWIFT_OPTIMIZATION_LEVEL = "-Onone";
			};
			name = Debug;
		};
		D4CA28F21F5738CA0030E176 /* Release */ = {
			isa = XCBuildConfiguration;
			buildSettings = {
				ALWAYS_SEARCH_USER_PATHS = NO;
				CLANG_ANALYZER_NONNULL = YES;
				CLANG_ANALYZER_NUMBER_OBJECT_CONVERSION = YES_AGGRESSIVE;
				CLANG_CXX_LANGUAGE_STANDARD = "gnu++14";
				CLANG_CXX_LIBRARY = "libc++";
				CLANG_ENABLE_MODULES = YES;
				CLANG_ENABLE_OBJC_ARC = YES;
				CLANG_WARN_BLOCK_CAPTURE_AUTORELEASING = YES;
				CLANG_WARN_BOOL_CONVERSION = YES;
				CLANG_WARN_COMMA = YES;
				CLANG_WARN_CONSTANT_CONVERSION = YES;
				CLANG_WARN_DIRECT_OBJC_ISA_USAGE = YES_ERROR;
				CLANG_WARN_DOCUMENTATION_COMMENTS = YES;
				CLANG_WARN_EMPTY_BODY = YES;
				CLANG_WARN_ENUM_CONVERSION = YES;
				CLANG_WARN_INFINITE_RECURSION = YES;
				CLANG_WARN_INT_CONVERSION = YES;
				CLANG_WARN_OBJC_ROOT_CLASS = YES_ERROR;
				CLANG_WARN_RANGE_LOOP_ANALYSIS = YES;
				CLANG_WARN_STRICT_PROTOTYPES = YES;
				CLANG_WARN_SUSPICIOUS_MOVE = YES;
				CLANG_WARN_UNGUARDED_AVAILABILITY = YES_AGGRESSIVE;
				CLANG_WARN_UNREACHABLE_CODE = YES;
				CLANG_WARN__DUPLICATE_METHOD_MATCH = YES;
				CODE_SIGN_IDENTITY = "iPhone Developer";
				COPY_PHASE_STRIP = NO;
				DEBUG_INFORMATION_FORMAT = "dwarf-with-dsym";
				ENABLE_NS_ASSERTIONS = NO;
				ENABLE_STRICT_OBJC_MSGSEND = YES;
				GCC_C_LANGUAGE_STANDARD = gnu11;
				GCC_NO_COMMON_BLOCKS = YES;
				GCC_WARN_64_TO_32_BIT_CONVERSION = YES;
				GCC_WARN_ABOUT_RETURN_TYPE = YES_ERROR;
				GCC_WARN_UNDECLARED_SELECTOR = YES;
				GCC_WARN_UNINITIALIZED_AUTOS = YES_AGGRESSIVE;
				GCC_WARN_UNUSED_FUNCTION = YES;
				GCC_WARN_UNUSED_VARIABLE = YES;
				IPHONEOS_DEPLOYMENT_TARGET = 11.0;
				MTL_ENABLE_DEBUG_INFO = NO;
				SDKROOT = iphoneos;
				SWIFT_OPTIMIZATION_LEVEL = "-Owholemodule";
				VALIDATE_PRODUCT = YES;
			};
			name = Release;
		};
		D4CA28F41F5738CA0030E176 /* Debug */ = {
			isa = XCBuildConfiguration;
			buildSettings = {
				ASSETCATALOG_COMPILER_APPICON_NAME = AppIcon;
				DEVELOPMENT_TEAM = XFDXLZRBS4;
				INFOPLIST_FILE = InstagramClonePratice/Info.plist;
				LD_RUNPATH_SEARCH_PATHS = "$(inherited) @executable_path/Frameworks";
				PRODUCT_BUNDLE_IDENTIFIER = com.ericyu423.InstagramClonePratice;
				PRODUCT_NAME = "$(TARGET_NAME)";
				SWIFT_VERSION = 4.0;
				TARGETED_DEVICE_FAMILY = "1,2";
			};
			name = Debug;
		};
		D4CA28F51F5738CA0030E176 /* Release */ = {
			isa = XCBuildConfiguration;
			buildSettings = {
				ASSETCATALOG_COMPILER_APPICON_NAME = AppIcon;
				DEVELOPMENT_TEAM = XFDXLZRBS4;
				INFOPLIST_FILE = InstagramClonePratice/Info.plist;
				LD_RUNPATH_SEARCH_PATHS = "$(inherited) @executable_path/Frameworks";
				PRODUCT_BUNDLE_IDENTIFIER = com.ericyu423.InstagramClonePratice;
				PRODUCT_NAME = "$(TARGET_NAME)";
				SWIFT_VERSION = 4.0;
				TARGETED_DEVICE_FAMILY = "1,2";
			};
			name = Release;
		};
/* End XCBuildConfiguration section */

/* Begin XCConfigurationList section */
		D4CA28D91F5738C90030E176 /* Build configuration list for PBXProject "InstagramClonePratice" */ = {
			isa = XCConfigurationList;
			buildConfigurations = (
				D4CA28F11F5738CA0030E176 /* Debug */,
				D4CA28F21F5738CA0030E176 /* Release */,
			);
			defaultConfigurationIsVisible = 0;
			defaultConfigurationName = Release;
		};
		D4CA28F31F5738CA0030E176 /* Build configuration list for PBXNativeTarget "InstagramClonePratice" */ = {
			isa = XCConfigurationList;
			buildConfigurations = (
				D4CA28F41F5738CA0030E176 /* Debug */,
				D4CA28F51F5738CA0030E176 /* Release */,
			);
			defaultConfigurationIsVisible = 0;
		};
/* End XCConfigurationList section */

/* Begin XCVersionGroup section */
		D4CA28E81F5738C90030E176 /* InstagramClonePratice.xcdatamodeld */ = {
			isa = XCVersionGroup;
			children = (
				D4CA28E91F5738C90030E176 /* InstagramClonePratice.xcdatamodel */,
			);
			currentVersion = D4CA28E91F5738C90030E176 /* InstagramClonePratice.xcdatamodel */;
			path = InstagramClonePratice.xcdatamodeld;
			sourceTree = "<group>";
			versionGroupType = wrapper.xcdatamodel;
		};
/* End XCVersionGroup section */
	};
	rootObject = D4CA28D61F5738C90030E176 /* Project object */;
}
